<?xml version="1.0" encoding="utf-8"?>
<Project ToolsVersion="4.0" xmlns="http://schemas.microsoft.com/developer/msbuild/2003">
  <ItemGroup>
    <ClCompile Include="RadMenu.cpp" />
    <ClCompile Include="WinMain.cpp" />
    <ClCompile Include="Rad\Dialog.cpp">
      <Filter>Rad</Filter>
    </ClCompile>
    <ClCompile Include="Rad\Log.cpp">
      <Filter>Rad</Filter>
    </ClCompile>
    <ClCompile Include="Rad\MessageHandler.cpp">
      <Filter>Rad</Filter>
    </ClCompile>
    <ClCompile Include="Rad\Window.cpp">
      <Filter>Rad</Filter>
    </ClCompile>
    <ClCompile Include="Rad\WinError.cpp">
      <Filter>Rad</Filter>
    </ClCompile>
  </ItemGroup>
  <ItemGroup>
    <ClInclude Include="Rad\Dialog.h">
      <Filter>Rad</Filter>
    </ClInclude>
    <ClInclude Include="Rad\Format.h">
      <Filter>Rad</Filter>
    </ClInclude>
    <ClInclude Include="Rad\Log.h">
      <Filter>Rad</Filter>
    </ClInclude>
    <ClInclude Include="Rad\MemoryPlus.h">
      <Filter>Rad</Filter>
    </ClInclude>
    <ClInclude Include="Rad\MessageHandler.h">
      <Filter>Rad</Filter>
    </ClInclude>
    <ClInclude Include="Rad\SourceLocation.h">
      <Filter>Rad</Filter>
    </ClInclude>
    <ClInclude Include="Rad\Window.h">
      <Filter>Rad</Filter>
    </ClInclude>
    <ClInclude Include="Rad\Windowxx.h">
      <Filter>Rad</Filter>
    </ClInclude>
    <ClInclude Include="Rad\WinError.h">
      <Filter>Rad</Filter>
    </ClInclude>
    <ClInclude Include="ListBoxPlus.h" />
    <ClInclude Include="EditPlus.h" />
    <ClInclude Include="WindowsPlus.h" />
    <ClInclude Include="resource.h" />
    <ClInclude Include="StrUtils.h" />
  </ItemGroup>
  <ItemGroup>
    <Filter Include="Rad">
    </Filter>
  </ItemGroup>
  <ItemGroup>
    <ResourceCompile Include="RadMenu.rc" />
  </ItemGroup>
  <ItemGroup>
    <Image Include="res\RadMenu.ico" />
  </ItemGroup>
</Project>